
Microsoft Visual Studio Solution File, Format Version 11.00
# Visual Studio 2010
# SharpDevelop 4.3
Project("{FAE04EC0-301F-11D3-BF4B-00C04F79EFBC}") = "analisis_sintactico_semantico", "analisis_sintactico_semantico\analisis_sintactico_semantico.csproj", "{BB2EC455-8A7C-4E89-ADC6-A0FA28AAC667}"
EndProject
Global
	GlobalSection(SolutionConfigurationPlatforms) = preSolution
		Debug|Any CPU = Debug|Any CPU
		Release|Any CPU = Release|Any CPU
	EndGlobalSection
	GlobalSection(ProjectConfigurationPlatforms) = postSolution
		{BB2EC455-8A7C-4E89-ADC6-A0FA28AAC667}.Debug|Any CPU.Build.0 = Debug|Any CPU
		{BB2EC455-8A7C-4E89-ADC6-A0FA28AAC667}.Debug|Any CPU.ActiveCfg = Debug|Any CPU
		{BB2EC455-8A7C-4E89-ADC6-A0FA28AAC667}.Release|Any CPU.Build.0 = Release|Any CPU
		{BB2EC455-8A7C-4E89-ADC6-A0FA28AAC667}.Release|Any CPU.ActiveCfg = Release|Any CPU
	EndGlobalSection
EndGlobal
